
Microsoft Visual Studio Solution File, Format Version 12.00
# Visual Studio Version 17
VisualStudioVersion = 17.0.32014.148
MinimumVisualStudioVersion = 10.0.40219.1
Project("{9A19103F-16F7-4668-BE54-9A1E7A4F7556}") = "DMSWebAPI", "DMSWebAPI\DMSWebAPI.csproj", "{B92585CC-1A8B-43F7-AC29-6F828E2612A5}"
EndProject
Project("{9A19103F-16F7-4668-BE54-9A1E7A4F7556}") = "DMSWebApp", "DMSWebApp\DMSWebApp.csproj", "{B4CD69D8-C712-4C11-9682-23D39BBF054F}"
EndProject
Global
	GlobalSection(SolutionConfigurationPlatforms) = preSolution
		Debug|Any CPU = Debug|Any CPU
		Release|Any CPU = Release|Any CPU
	EndGlobalSection
	GlobalSection(ProjectConfigurationPlatforms) = postSolution
		{B92585CC-1A8B-43F7-AC29-6F828E2612A5}.Debug|Any CPU.ActiveCfg = Debug|Any CPU
		{B92585CC-1A8B-43F7-AC29-6F828E2612A5}.Debug|Any CPU.Build.0 = Debug|Any CPU
		{B92585CC-1A8B-43F7-AC29-6F828E2612A5}.Release|Any CPU.ActiveCfg = Release|Any CPU
		{B92585CC-1A8B-43F7-AC29-6F828E2612A5}.Release|Any CPU.Build.0 = Release|Any CPU
		{B4CD69D8-C712-4C11-9682-23D39BBF054F}.Debug|Any CPU.ActiveCfg = Debug|Any CPU
		{B4CD69D8-C712-4C11-9682-23D39BBF054F}.Debug|Any CPU.Build.0 = Debug|Any CPU
		{B4CD69D8-C712-4C11-9682-23D39BBF054F}.Release|Any CPU.ActiveCfg = Release|Any CPU
		{B4CD69D8-C712-4C11-9682-23D39BBF054F}.Release|Any CPU.Build.0 = Release|Any CPU
	EndGlobalSection
	GlobalSection(SolutionProperties) = preSolution
		HideSolutionNode = FALSE
	EndGlobalSection
	GlobalSection(ExtensibilityGlobals) = postSolution
		SolutionGuid = {1380512A-0E31-4953-A991-E8E0182FDEE3}
	EndGlobalSection
EndGlobal
